
Microsoft Visual Studio Solution File, Format Version 12.00
# Visual Studio Version 17
VisualStudioVersion = 17.5.33530.505
MinimumVisualStudioVersion = 10.0.40219.1
Project("{FAE04EC0-301F-11D3-BF4B-00C04F79EFBC}") = "Shoppingcart", "Shoppingcart\Shoppingcart.csproj", "{6127C044-DD52-46C5-AE68-5EAB27E0A523}"
EndProject
Global
	GlobalSection(SolutionConfigurationPlatforms) = preSolution
		Debug|Any CPU = Debug|Any CPU
		Release|Any CPU = Release|Any CPU
	EndGlobalSection
	GlobalSection(ProjectConfigurationPlatforms) = postSolution
		{6127C044-DD52-46C5-AE68-5EAB27E0A523}.Debug|Any CPU.ActiveCfg = Debug|Any CPU
		{6127C044-DD52-46C5-AE68-5EAB27E0A523}.Debug|Any CPU.Build.0 = Debug|Any CPU
		{6127C044-DD52-46C5-AE68-5EAB27E0A523}.Release|Any CPU.ActiveCfg = Release|Any CPU
		{6127C044-DD52-46C5-AE68-5EAB27E0A523}.Release|Any CPU.Build.0 = Release|Any CPU
	EndGlobalSection
	GlobalSection(SolutionProperties) = preSolution
		HideSolutionNode = FALSE
	EndGlobalSection
	GlobalSection(ExtensibilityGlobals) = postSolution
		SolutionGuid = {5D211E59-3FA7-48FE-A234-AF001C403093}
	EndGlobalSection
EndGlobal
